// !$*UTF8*$!
{
	archiveVersion = 1;
	classes = {
	};
	objectVersion = 55;
	objects = {

/* Begin PBXBuildFile section */
		2CC44ECE277331E10029F295 /* FancyAlertPlayApp.swift in Sources */ = {isa = PBXBuildFile; fileRef = 2CC44EBE277331D90029F295 /* FancyAlertPlayApp.swift */; };
		2CC44ECF277331E10029F295 /* FancyAlertPlayApp.swift in Sources */ = {isa = PBXBuildFile; fileRef = 2CC44EBE277331D90029F295 /* FancyAlertPlayApp.swift */; };
		2CC44ED0277331E10029F295 /* ContentView.swift in Sources */ = {isa = PBXBuildFile; fileRef = 2CC44EBF277331D90029F295 /* ContentView.swift */; };
		2CC44ED1277331E10029F295 /* ContentView.swift in Sources */ = {isa = PBXBuildFile; fileRef = 2CC44EBF277331D90029F295 /* ContentView.swift */; };
		2CC44ED2277331E10029F295 /* Assets.xcassets in Resources */ = {isa = PBXBuildFile; fileRef = 2CC44EC0277331E10029F295 /* Assets.xcassets */; };
		2CC44ED3277331E10029F295 /* Assets.xcassets in Resources */ = {isa = PBXBuildFile; fileRef = 2CC44EC0277331E10029F295 /* Assets.xcassets */; };
		2CC44EE1277338FE0029F295 /* SalmonUI in Frameworks */ = {isa = PBXBuildFile; productRef = 2CC44EE0277338FE0029F295 /* SalmonUI */; };
		2CC44EE4277339090029F295 /* SalmonUI in Frameworks */ = {isa = PBXBuildFile; productRef = 2CC44EE3277339090029F295 /* SalmonUI */; };
		2CF1FB8B277379E9006A99ED /* PopperUp in Frameworks */ = {isa = PBXBuildFile; productRef = 2CF1FB8A277379E9006A99ED /* PopperUp */; };
		2CF1FB8D277379EF006A99ED /* PopperUp in Frameworks */ = {isa = PBXBuildFile; productRef = 2CF1FB8C277379EF006A99ED /* PopperUp */; };
/* End PBXBuildFile section */

/* Begin PBXFileReference section */
		2CC44EBE277331D90029F295 /* FancyAlertPlayApp.swift */ = {isa = PBXFileReference; lastKnownFileType = sourcecode.swift; path = FancyAlertPlayApp.swift; sourceTree = "<group>"; };
		2CC44EBF277331D90029F295 /* ContentView.swift */ = {isa = PBXFileReference; lastKnownFileType = sourcecode.swift; path = ContentView.swift; sourceTree = "<group>"; };
		2CC44EC0277331E10029F295 /* Assets.xcassets */ = {isa = PBXFileReference; lastKnownFileType = folder.assetcatalog; path = Assets.xcassets; sourceTree = "<group>"; };
		2CC44EC5277331E10029F295 /* FancyAlertPlay.app */ = {isa = PBXFileReference; explicitFileType = wrapper.application; includeInIndex = 0; path = FancyAlertPlay.app; sourceTree = BUILT_PRODUCTS_DIR; };
		2CC44ECB277331E10029F295 /* FancyAlertPlay.app */ = {isa = PBXFileReference; explicitFileType = wrapper.application; includeInIndex = 0; path = FancyAlertPlay.app; sourceTree = BUILT_PRODUCTS_DIR; };
		2CC44ECD277331E10029F295 /* macOS.entitlements */ = {isa = PBXFileReference; lastKnownFileType = text.plist.entitlements; path = macOS.entitlements; sourceTree = "<group>"; };
		2CF1FB8927737987006A99ED /* PopperUp */ = {isa = PBXFileReference; lastKnownFileType = wrapper; path = PopperUp; sourceTree = "<group>"; };
/* End PBXFileReference section */

/* Begin PBXFrameworksBuildPhase section */
		2CC44EC2277331E10029F295 /* Frameworks */ = {
			isa = PBXFrameworksBuildPhase;
			buildActionMask = 2147483647;
			files = (
				2CC44EE1277338FE0029F295 /* SalmonUI in Frameworks */,
				2CF1FB8D277379EF006A99ED /* PopperUp in Frameworks */,
			);
			runOnlyForDeploymentPostprocessing = 0;
		};
		2CC44EC8277331E10029F295 /* Frameworks */ = {
			isa = PBXFrameworksBuildPhase;
			buildActionMask = 2147483647;
			files = (
				2CC44EE4277339090029F295 /* SalmonUI in Frameworks */,
				2CF1FB8B277379E9006A99ED /* PopperUp in Frameworks */,
			);
			runOnlyForDeploymentPostprocessing = 0;
		};
/* End PBXFrameworksBuildPhase section */

/* Begin PBXGroup section */
		2CC44EB8277331D80029F295 = {
			isa = PBXGroup;
			children = (
				2CC44EE2277339090029F295 /* Frameworks */,
				2CF1FB8827737917006A99ED /* Packages */,
				2CC44EC6277331E10029F295 /* Products */,
				2CC44EBD277331D90029F295 /* Shared */,
				2CC44EDC277332BB0029F295 /* Targets */,
			);
			sourceTree = "<group>";
		};
		2CC44EBD277331D90029F295 /* Shared */ = {
			isa = PBXGroup;
			children = (
				2CC44EBF277331D90029F295 /* ContentView.swift */,
				2CC44EBE277331D90029F295 /* FancyAlertPlayApp.swift */,
				2CC44EDD277333170029F295 /* Resources */,
			);
			path = Shared;
			sourceTree = "<group>";
		};
		2CC44EC6277331E10029F295 /* Products */ = {
			isa = PBXGroup;
			children = (
				2CC44EC5277331E10029F295 /* FancyAlertPlay.app */,
				2CC44ECB277331E10029F295 /* FancyAlertPlay.app */,
			);
			name = Products;
			sourceTree = "<group>";
		};
		2CC44ECC277331E10029F295 /* macOS */ = {
			isa = PBXGroup;
			children = (
				2CC44ECD277331E10029F295 /* macOS.entitlements */,
			);
			path = macOS;
			sourceTree = "<group>";
		};
		2CC44EDC277332BB0029F295 /* Targets */ = {
			isa = PBXGroup;
			children = (
				2CC44ECC277331E10029F295 /* macOS */,
			);
			path = Targets;
			sourceTree = "<group>";
		};
		2CC44EDD277333170029F295 /* Resources */ = {
			isa = PBXGroup;
			children = (
				2CC44EC0277331E10029F295 /* Assets.xcassets */,
			);
			path = Resources;
			sourceTree = "<group>";
		};
		2CC44EE2277339090029F295 /* Frameworks */ = {
			isa = PBXGroup;
			children = (
			);
			name = Frameworks;
			sourceTree = "<group>";
		};
		2CF1FB8827737917006A99ED /* Packages */ = {
			isa = PBXGroup;
			children = (
				2CF1FB8927737987006A99ED /* PopperUp */,
			);
			path = Packages;
			sourceTree = "<group>";
		};
/* End PBXGroup section */

/* Begin PBXNativeTarget section */
		2CC44EC4277331E10029F295 /* FancyAlertPlay (iOS) */ = {
			isa = PBXNativeTarget;
			buildConfigurationList = 2CC44ED6277331E10029F295 /* Build configuration list for PBXNativeTarget "FancyAlertPlay (iOS)" */;
			buildPhases = (
				2CC44EC1277331E10029F295 /* Sources */,
				2CC44EC2277331E10029F295 /* Frameworks */,
				2CC44EC3277331E10029F295 /* Resources */,
			);
			buildRules = (
			);
			dependencies = (
			);
			name = "FancyAlertPlay (iOS)";
			packageProductDependencies = (
				2CC44EE0277338FE0029F295 /* SalmonUI */,
				2CF1FB8C277379EF006A99ED /* PopperUp */,
			);
			productName = "FancyAlertPlay (iOS)";
			productReference = 2CC44EC5277331E10029F295 /* FancyAlertPlay.app */;
			productType = "com.apple.product-type.application";
		};
		2CC44ECA277331E10029F295 /* FancyAlertPlay (macOS) */ = {
			isa = PBXNativeTarget;
			buildConfigurationList = 2CC44ED9277331E10029F295 /* Build configuration list for PBXNativeTarget "FancyAlertPlay (macOS)" */;
			buildPhases = (
				2CC44EC7277331E10029F295 /* Sources */,
				2CC44EC8277331E10029F295 /* Frameworks */,
				2CC44EC9277331E10029F295 /* Resources */,
			);
			buildRules = (
			);
			dependencies = (
			);
			name = "FancyAlertPlay (macOS)";
			packageProductDependencies = (
				2CC44EE3277339090029F295 /* SalmonUI */,
				2CF1FB8A277379E9006A99ED /* PopperUp */,
			);
			productName = "FancyAlertPlay (macOS)";
			productReference = 2CC44ECB277331E10029F295 /* FancyAlertPlay.app */;
			productType = "com.apple.product-type.application";
		};
/* End PBXNativeTarget section */

/* Begin PBXProject section */
		2CC44EB9277331D80029F295 /* Project object */ = {
			isa = PBXProject;
			attributes = {
				BuildIndependentTargetsInParallel = 1;
				LastSwiftUpdateCheck = 1320;
				LastUpgradeCheck = 1320;
				TargetAttributes = {
					2CC44EC4277331E10029F295 = {
						CreatedOnToolsVersion = 13.2.1;
					};
					2CC44ECA277331E10029F295 = {
						CreatedOnToolsVersion = 13.2.1;
					};
				};
			};
			buildConfigurationList = 2CC44EBC277331D80029F295 /* Build configuration list for PBXProject "FancyAlertPlay" */;
			compatibilityVersion = "Xcode 13.0";
			developmentRegion = en;
			hasScannedForEncodings = 0;
			knownRegions = (
				en,
				Base,
			);
			mainGroup = 2CC44EB8277331D80029F295;
			packageReferences = (
				2CC44EDF277338FE0029F295 /* XCRemoteSwiftPackageReference "SalmonUI" */,
			);
			productRefGroup = 2CC44EC6277331E10029F295 /* Products */;
			projectDirPath = "";
			projectRoot = "";
			targets = (
				2CC44EC4277331E10029F295 /* FancyAlertPlay (iOS) */,
				2CC44ECA277331E10029F295 /* FancyAlertPlay (macOS) */,
			);
		};
/* End PBXProject section */

/* Begin PBXResourcesBuildPhase section */
		2CC44EC3277331E10029F295 /* Resources */ = {
			isa = PBXResourcesBuildPhase;
			buildActionMask = 2147483647;
			files = (
				2CC44ED2277331E10029F295 /* Assets.xcassets in Resources */,
			);
			runOnlyForDeploymentPostprocessing = 0;
		};
		2CC44EC9277331E10029F295 /* Resources */ = {
			isa = PBXResourcesBuildPhase;
			buildActionMask = 2147483647;
			files = (
				2CC44ED3277331E10029F295 /* Assets.xcassets in Resources */,
			);
			runOnlyForDeploymentPostprocessing = 0;
		};
/* End PBXResourcesBuildPhase section */

/* Begin PBXSourcesBuildPhase section */
		2CC44EC1277331E10029F295 /* Sources */ = {
			isa = PBXSourcesBuildPhase;
			buildActionMask = 2147483647;
			files = (
				2CC44ED0277331E10029F295 /* ContentView.swift in Sources */,
				2CC44ECE277331E10029F295 /* FancyAlertPlayApp.swift in Sources */,
			);
			runOnlyForDeploymentPostprocessing = 0;
		};
		2CC44EC7277331E10029F295 /* Sources */ = {
			isa = PBXSourcesBuildPhase;
			buildActionMask = 2147483647;
			files = (
				2CC44ED1277331E10029F295 /* ContentView.swift in Sources */,
				2CC44ECF277331E10029F295 /* FancyAlertPlayApp.swift in Sources */,
			);
			runOnlyForDeploymentPostprocessing = 0;
		};
/* End PBXSourcesBuildPhase section */

/* Begin XCBuildConfiguration section */
		2CC44ED4277331E10029F295 /* Debug */ = {
			isa = XCBuildConfiguration;
			buildSettings = {
				ALWAYS_SEARCH_USER_PATHS = NO;
				CLANG_ANALYZER_NONNULL = YES;
				CLANG_ANALYZER_NUMBER_OBJECT_CONVERSION = YES_AGGRESSIVE;
				CLANG_CXX_LANGUAGE_STANDARD = "gnu++17";
				CLANG_CXX_LIBRARY = "libc++";
				CLANG_ENABLE_MODULES = YES;
				CLANG_ENABLE_OBJC_ARC = YES;
				CLANG_ENABLE_OBJC_WEAK = YES;
				CLANG_WARN_BLOCK_CAPTURE_AUTORELEASING = YES;
				CLANG_WARN_BOOL_CONVERSION = YES;
				CLANG_WARN_COMMA = YES;
				CLANG_WARN_CONSTANT_CONVERSION = YES;
				CLANG_WARN_DEPRECATED_OBJC_IMPLEMENTATIONS = YES;
				CLANG_WARN_DIRECT_OBJC_ISA_USAGE = YES_ERROR;
				CLANG_WARN_DOCUMENTATION_COMMENTS = YES;
				CLANG_WARN_EMPTY_BODY = YES;
				CLANG_WARN_ENUM_CONVERSION = YES;
				CLANG_WARN_INFINITE_RECURSION = YES;
				CLANG_WARN_INT_CONVERSION = YES;
				CLANG_WARN_NON_LITERAL_NULL_CONVERSION = YES;
				CLANG_WARN_OBJC_IMPLICIT_RETAIN_SELF = YES;
				CLANG_WARN_OBJC_LITERAL_CONVERSION = YES;
				CLANG_WARN_OBJC_ROOT_CLASS = YES_ERROR;
				CLANG_WARN_QUOTED_INCLUDE_IN_FRAMEWORK_HEADER = YES;
				CLANG_WARN_RANGE_LOOP_ANALYSIS = YES;
				CLANG_WARN_STRICT_PROTOTYPES = YES;
				CLANG_WARN_SUSPICIOUS_MOVE = YES;
				CLANG_WARN_UNGUARDED_AVAILABILITY = YES_AGGRESSIVE;
				CLANG_WARN_UNREACHABLE_CODE = YES;
				CLANG_WARN__DUPLICATE_METHOD_MATCH = YES;
				COPY_PHASE_STRIP = NO;
				DEBUG_INFORMATION_FORMAT = dwarf;
				ENABLE_STRICT_OBJC_MSGSEND = YES;
				ENABLE_TESTABILITY = YES;
				GCC_C_LANGUAGE_STANDARD = gnu11;
				GCC_DYNAMIC_NO_PIC = NO;
				GCC_NO_COMMON_BLOCKS = YES;
				GCC_OPTIMIZATION_LEVEL = 0;
				GCC_PREPROCESSOR_DEFINITIONS = (
					"DEBUG=1",
					"$(inherited)",
				);
				GCC_WARN_64_TO_32_BIT_CONVERSION = YES;
				GCC_WARN_ABOUT_RETURN_TYPE = YES_ERROR;
				GCC_WARN_UNDECLARED_SELECTOR = YES;
				GCC_WARN_UNINITIALIZED_AUTOS = YES_AGGRESSIVE;
				GCC_WARN_UNUSED_FUNCTION = YES;
				GCC_WARN_UNUSED_VARIABLE = YES;
				MTL_ENABLE_DEBUG_INFO = INCLUDE_SOURCE;
				MTL_FAST_MATH = YES;
				ONLY_ACTIVE_ARCH = YES;
				SWIFT_ACTIVE_COMPILATION_CONDITIONS = DEBUG;
				SWIFT_OPTIMIZATION_LEVEL = "-Onone";
			};
			name = Debug;
		};
		2CC44ED5277331E10029F295 /* Release */ = {
			isa = XCBuildConfiguration;
			buildSettings = {
				ALWAYS_SEARCH_USER_PATHS = NO;
				CLANG_ANALYZER_NONNULL = YES;
				CLANG_ANALYZER_NUMBER_OBJECT_CONVERSION = YES_AGGRESSIVE;
				CLANG_CXX_LANGUAGE_STANDARD = "gnu++17";
				CLANG_CXX_LIBRARY = "libc++";
				CLANG_ENABLE_MODULES = YES;
				CLANG_ENABLE_OBJC_ARC = YES;
				CLANG_ENABLE_OBJC_WEAK = YES;
				CLANG_WARN_BLOCK_CAPTURE_AUTORELEASING = YES;
				CLANG_WARN_BOOL_CONVERSION = YES;
				CLANG_WARN_COMMA = YES;
				CLANG_WARN_CONSTANT_CONVERSION = YES;
				CLANG_WARN_DEPRECATED_OBJC_IMPLEMENTATIONS = YES;
				CLANG_WARN_DIRECT_OBJC_ISA_USAGE = YES_ERROR;
				CLANG_WARN_DOCUMENTATION_COMMENTS = YES;
				CLANG_WARN_EMPTY_BODY = YES;
				CLANG_WARN_ENUM_CONVERSION = YES;
				CLANG_WARN_INFINITE_RECURSION = YES;
				CLANG_WARN_INT_CONVERSION = YES;
				CLANG_WARN_NON_LITERAL_NULL_CONVERSION = YES;
				CLANG_WARN_OBJC_IMPLICIT_RETAIN_SELF = YES;
				CLANG_WARN_OBJC_LITERAL_CONVERSION = YES;
				CLANG_WARN_OBJC_ROOT_CLASS = YES_ERROR;
				CLANG_WARN_QUOTED_INCLUDE_IN_FRAMEWORK_HEADER = YES;
				CLANG_WARN_RANGE_LOOP_ANALYSIS = YES;
				CLANG_WARN_STRICT_PROTOTYPES = YES;
				CLANG_WARN_SUSPICIOUS_MOVE = YES;
				CLANG_WARN_UNGUARDED_AVAILABILITY = YES_AGGRESSIVE;
				CLANG_WARN_UNREACHABLE_CODE = YES;
				CLANG_WARN__DUPLICATE_METHOD_MATCH = YES;
				COPY_PHASE_STRIP = NO;
				DEBUG_INFORMATION_FORMAT = "dwarf-with-dsym";
				ENABLE_NS_ASSERTIONS = NO;
				ENABLE_STRICT_OBJC_MSGSEND = YES;
				GCC_C_LANGUAGE_STANDARD = gnu11;
				GCC_NO_COMMON_BLOCKS = YES;
				GCC_WARN_64_TO_32_BIT_CONVERSION = YES;
				GCC_WARN_ABOUT_RETURN_TYPE = YES_ERROR;
				GCC_WARN_UNDECLARED_SELECTOR = YES;
				GCC_WARN_UNINITIALIZED_AUTOS = YES_AGGRESSIVE;
				GCC_WARN_UNUSED_FUNCTION = YES;
				GCC_WARN_UNUSED_VARIABLE = YES;
				MTL_ENABLE_DEBUG_INFO = NO;
				MTL_FAST_MATH = YES;
				SWIFT_COMPILATION_MODE = wholemodule;
				SWIFT_OPTIMIZATION_LEVEL = "-O";
			};
			name = Release;
		};
		2CC44ED7277331E10029F295 /* Debug */ = {
			isa = XCBuildConfiguration;
			buildSettings = {
				ASSETCATALOG_COMPILER_APPICON_NAME = AppIcon;
				ASSETCATALOG_COMPILER_GLOBAL_ACCENT_COLOR_NAME = AccentColor;
				CODE_SIGN_STYLE = Automatic;
				CURRENT_PROJECT_VERSION = 1;
				DEVELOPMENT_TEAM = DXUKH9VF73;
				ENABLE_PREVIEWS = YES;
				GENERATE_INFOPLIST_FILE = YES;
				INFOPLIST_KEY_UIApplicationSceneManifest_Generation = YES;
				INFOPLIST_KEY_UIApplicationSupportsIndirectInputEvents = YES;
				INFOPLIST_KEY_UILaunchScreen_Generation = YES;
				INFOPLIST_KEY_UISupportedInterfaceOrientations_iPad = "UIInterfaceOrientationPortrait UIInterfaceOrientationPortraitUpsideDown UIInterfaceOrientationLandscapeLeft UIInterfaceOrientationLandscapeRight";
				INFOPLIST_KEY_UISupportedInterfaceOrientations_iPhone = "UIInterfaceOrientationPortrait UIInterfaceOrientationLandscapeLeft UIInterfaceOrientationLandscapeRight";
				IPHONEOS_DEPLOYMENT_TARGET = 15.0;
				LD_RUNPATH_SEARCH_PATHS = (
					"$(inherited)",
					"@executable_path/Frameworks",
				);
				MARKETING_VERSION = 1.0;
				PRODUCT_BUNDLE_IDENTIFIER = io.kamaal.FancyAlertPlay;
				PRODUCT_NAME = FancyAlertPlay;
				SDKROOT = iphoneos;
				SWIFT_EMIT_LOC_STRINGS = YES;
				SWIFT_VERSION = 5.0;
				TARGETED_DEVICE_FAMILY = "1,2";
			};
			name = Debug;
		};
		2CC44ED8277331E10029F295 /* Release */ = {
			isa = XCBuildConfiguration;
			buildSettings = {
				ASSETCATALOG_COMPILER_APPICON_NAME = AppIcon;
				ASSETCATALOG_COMPILER_GLOBAL_ACCENT_COLOR_NAME = AccentColor;
				CODE_SIGN_STYLE = Automatic;
				CURRENT_PROJECT_VERSION = 1;
				DEVELOPMENT_TEAM = DXUKH9VF73;
				ENABLE_PREVIEWS = YES;
				GENERATE_INFOPLIST_FILE = YES;
				INFOPLIST_KEY_UIApplicationSceneManifest_Generation = YES;
				INFOPLIST_KEY_UIApplicationSupportsIndirectInputEvents = YES;
				INFOPLIST_KEY_UILaunchScreen_Generation = YES;
				INFOPLIST_KEY_UISupportedInterfaceOrientations_iPad = "UIInterfaceOrientationPortrait UIInterfaceOrientationPortraitUpsideDown UIInterfaceOrientationLandscapeLeft UIInterfaceOrientationLandscapeRight";
				INFOPLIST_KEY_UISupportedInterfaceOrientations_iPhone = "UIInterfaceOrientationPortrait UIInterfaceOrientationLandscapeLeft UIInterfaceOrientationLandscapeRight";
				IPHONEOS_DEPLOYMENT_TARGET = 15.0;
				LD_RUNPATH_SEARCH_PATHS = (
					"$(inherited)",
					"@executable_path/Frameworks",
				);
				MARKETING_VERSION = 1.0;
				PRODUCT_BUNDLE_IDENTIFIER = io.kamaal.FancyAlertPlay;
				PRODUCT_NAME = FancyAlertPlay;
				SDKROOT = iphoneos;
				SWIFT_EMIT_LOC_STRINGS = YES;
				SWIFT_VERSION = 5.0;
				TARGETED_DEVICE_FAMILY = "1,2";
				VALIDATE_PRODUCT = YES;
			};
			name = Release;
		};
		2CC44EDA277331E10029F295 /* Debug */ = {
			isa = XCBuildConfiguration;
			buildSettings = {
				ASSETCATALOG_COMPILER_APPICON_NAME = AppIcon;
				ASSETCATALOG_COMPILER_GLOBAL_ACCENT_COLOR_NAME = AccentColor;
				CODE_SIGN_ENTITLEMENTS = Targets/macOS/macOS.entitlements;
				CODE_SIGN_STYLE = Automatic;
				COMBINE_HIDPI_IMAGES = YES;
				CURRENT_PROJECT_VERSION = 1;
				DEVELOPMENT_TEAM = DXUKH9VF73;
				ENABLE_HARDENED_RUNTIME = YES;
				ENABLE_PREVIEWS = YES;
				GENERATE_INFOPLIST_FILE = YES;
				INFOPLIST_KEY_NSHumanReadableCopyright = "";
				LD_RUNPATH_SEARCH_PATHS = (
					"$(inherited)",
					"@executable_path/../Frameworks",
				);
				MACOSX_DEPLOYMENT_TARGET = 12.1;
				MARKETING_VERSION = 1.0;
				PRODUCT_BUNDLE_IDENTIFIER = io.kamaal.FancyAlertPlay;
				PRODUCT_NAME = FancyAlertPlay;
				SDKROOT = macosx;
				SWIFT_EMIT_LOC_STRINGS = YES;
				SWIFT_VERSION = 5.0;
			};
			name = Debug;
		};
		2CC44EDB277331E10029F295 /* Release */ = {
			isa = XCBuildConfiguration;
			buildSettings = {
				ASSETCATALOG_COMPILER_APPICON_NAME = AppIcon;
				ASSETCATALOG_COMPILER_GLOBAL_ACCENT_COLOR_NAME = AccentColor;
				CODE_SIGN_ENTITLEMENTS = Targets/macOS/macOS.entitlements;
				CODE_SIGN_STYLE = Automatic;
				COMBINE_HIDPI_IMAGES = YES;
				CURRENT_PROJECT_VERSION = 1;
				DEVELOPMENT_TEAM = DXUKH9VF73;
				ENABLE_HARDENED_RUNTIME = YES;
				ENABLE_PREVIEWS = YES;
				GENERATE_INFOPLIST_FILE = YES;
				INFOPLIST_KEY_NSHumanReadableCopyright = "";
				LD_RUNPATH_SEARCH_PATHS = (
					"$(inherited)",
					"@executable_path/../Frameworks",
				);
				MACOSX_DEPLOYMENT_TARGET = 12.1;
				MARKETING_VERSION = 1.0;
				PRODUCT_BUNDLE_IDENTIFIER = io.kamaal.FancyAlertPlay;
				PRODUCT_NAME = FancyAlertPlay;
				SDKROOT = macosx;
				SWIFT_EMIT_LOC_STRINGS = YES;
				SWIFT_VERSION = 5.0;
			};
			name = Release;
		};
/* End XCBuildConfiguration section */

/* Begin XCConfigurationList section */
		2CC44EBC277331D80029F295 /* Build configuration list for PBXProject "FancyAlertPlay" */ = {
			isa = XCConfigurationList;
			buildConfigurations = (
				2CC44ED4277331E10029F295 /* Debug */,
				2CC44ED5277331E10029F295 /* Release */,
			);
			defaultConfigurationIsVisible = 0;
			defaultConfigurationName = Release;
		};
		2CC44ED6277331E10029F295 /* Build configuration list for PBXNativeTarget "FancyAlertPlay (iOS)" */ = {
			isa = XCConfigurationList;
			buildConfigurations = (
				2CC44ED7277331E10029F295 /* Debug */,
				2CC44ED8277331E10029F295 /* Release */,
			);
			defaultConfigurationIsVisible = 0;
			defaultConfigurationName = Release;
		};
		2CC44ED9277331E10029F295 /* Build configuration list for PBXNativeTarget "FancyAlertPlay (macOS)" */ = {
			isa = XCConfigurationList;
			buildConfigurations = (
				2CC44EDA277331E10029F295 /* Debug */,
				2CC44EDB277331E10029F295 /* Release */,
			);
			defaultConfigurationIsVisible = 0;
			defaultConfigurationName = Release;
		};
/* End XCConfigurationList section */

/* Begin XCRemoteSwiftPackageReference section */
		2CC44EDF277338FE0029F295 /* XCRemoteSwiftPackageReference "SalmonUI" */ = {
			isa = XCRemoteSwiftPackageReference;
			repositoryURL = "https://github.com/kamaal111/SalmonUI.git";
			requirement = {
				kind = upToNextMajorVersion;
				minimumVersion = 4.0.0;
			};
		};
/* End XCRemoteSwiftPackageReference section */

/* Begin XCSwiftPackageProductDependency section */
		2CC44EE0277338FE0029F295 /* SalmonUI */ = {
			isa = XCSwiftPackageProductDependency;
			package = 2CC44EDF277338FE0029F295 /* XCRemoteSwiftPackageReference "SalmonUI" */;
			productName = SalmonUI;
		};
		2CC44EE3277339090029F295 /* SalmonUI */ = {
			isa = XCSwiftPackageProductDependency;
			package = 2CC44EDF277338FE0029F295 /* XCRemoteSwiftPackageReference "SalmonUI" */;
			productName = SalmonUI;
		};
		2CF1FB8A277379E9006A99ED /* PopperUp */ = {
			isa = XCSwiftPackageProductDependency;
			productName = PopperUp;
		};
		2CF1FB8C277379EF006A99ED /* PopperUp */ = {
			isa = XCSwiftPackageProductDependency;
			productName = PopperUp;
		};
/* End XCSwiftPackageProductDependency section */
	};
	rootObject = 2CC44EB9277331D80029F295 /* Project object */;
}
